
Microsoft Visual Studio Solution File, Format Version 12.00
# Visual Studio Version 16
VisualStudioVersion = 16.0.31410.357
MinimumVisualStudioVersion = 10.0.40219.1
Project("{FAE04EC0-301F-11D3-BF4B-00C04F79EFBC}") = "LeVanHung_2019600006_De11", "LeVanHung_2019600006_De11\LeVanHung_2019600006_De11.csproj", "{6676DF97-8F4E-455C-9B9C-62B57DC08286}"
EndProject
Global
	GlobalSection(SolutionConfigurationPlatforms) = preSolution
		Debug|Any CPU = Debug|Any CPU
		Release|Any CPU = Release|Any CPU
	EndGlobalSection
	GlobalSection(ProjectConfigurationPlatforms) = postSolution
		{6676DF97-8F4E-455C-9B9C-62B57DC08286}.Debug|Any CPU.ActiveCfg = Debug|Any CPU
		{6676DF97-8F4E-455C-9B9C-62B57DC08286}.Debug|Any CPU.Build.0 = Debug|Any CPU
		{6676DF97-8F4E-455C-9B9C-62B57DC08286}.Release|Any CPU.ActiveCfg = Release|Any CPU
		{6676DF97-8F4E-455C-9B9C-62B57DC08286}.Release|Any CPU.Build.0 = Release|Any CPU
	EndGlobalSection
	GlobalSection(SolutionProperties) = preSolution
		HideSolutionNode = FALSE
	EndGlobalSection
	GlobalSection(ExtensibilityGlobals) = postSolution
		SolutionGuid = {3B5D3E0E-52F7-4725-89AE-B9E92DC82677}
	EndGlobalSection
EndGlobal
